
Microsoft Visual Studio Solution File, Format Version 12.00
# Visual Studio Version 16
VisualStudioVersion = 16.0.30225.117
MinimumVisualStudioVersion = 10.0.40219.1
Project("{FAE04EC0-301F-11D3-BF4B-00C04F79EFBC}") = "OrchestrationService", "OrchestrationService\OrchestrationService.csproj", "{3F532EB7-1F55-4759-834C-8293137EDE23}"
EndProject
Global
	GlobalSection(SolutionConfigurationPlatforms) = preSolution
		Debug|Any CPU = Debug|Any CPU
		Release|Any CPU = Release|Any CPU
	EndGlobalSection
	GlobalSection(ProjectConfigurationPlatforms) = postSolution
		{3F532EB7-1F55-4759-834C-8293137EDE23}.Debug|Any CPU.ActiveCfg = Debug|Any CPU
		{3F532EB7-1F55-4759-834C-8293137EDE23}.Debug|Any CPU.Build.0 = Debug|Any CPU
		{3F532EB7-1F55-4759-834C-8293137EDE23}.Release|Any CPU.ActiveCfg = Release|Any CPU
		{3F532EB7-1F55-4759-834C-8293137EDE23}.Release|Any CPU.Build.0 = Release|Any CPU
	EndGlobalSection
	GlobalSection(SolutionProperties) = preSolution
		HideSolutionNode = FALSE
	EndGlobalSection
	GlobalSection(ExtensibilityGlobals) = postSolution
		SolutionGuid = {6D7CF37E-B607-4F07-B875-957F9638AD16}
	EndGlobalSection
EndGlobal
