
Microsoft Visual Studio Solution File, Format Version 12.00
# Visual Studio Version 16
VisualStudioVersion = 16.0.30128.74
MinimumVisualStudioVersion = 10.0.40219.1
Project("{9A19103F-16F7-4668-BE54-9A1E7A4F7556}") = "TriggerService", "TriggerService\TriggerService.csproj", "{F5A3EA5A-F2F5-456B-B7DC-1E480ACB621A}"
EndProject
Global
	GlobalSection(SolutionConfigurationPlatforms) = preSolution
		Debug|Any CPU = Debug|Any CPU
		Release|Any CPU = Release|Any CPU
	EndGlobalSection
	GlobalSection(ProjectConfigurationPlatforms) = postSolution
		{F5A3EA5A-F2F5-456B-B7DC-1E480ACB621A}.Debug|Any CPU.ActiveCfg = Debug|Any CPU
		{F5A3EA5A-F2F5-456B-B7DC-1E480ACB621A}.Debug|Any CPU.Build.0 = Debug|Any CPU
		{F5A3EA5A-F2F5-456B-B7DC-1E480ACB621A}.Release|Any CPU.ActiveCfg = Release|Any CPU
		{F5A3EA5A-F2F5-456B-B7DC-1E480ACB621A}.Release|Any CPU.Build.0 = Release|Any CPU
	EndGlobalSection
	GlobalSection(SolutionProperties) = preSolution
		HideSolutionNode = FALSE
	EndGlobalSection
	GlobalSection(ExtensibilityGlobals) = postSolution
		SolutionGuid = {DA977561-4246-4A1A-B557-B113E125CAF8}
	EndGlobalSection
EndGlobal
