
Microsoft Visual Studio Solution File, Format Version 12.00
# Visual Studio Version 16
VisualStudioVersion = 16.0.30225.117
MinimumVisualStudioVersion = 10.0.40219.1
Project("{FAE04EC0-301F-11D3-BF4B-00C04F79EFBC}") = "EAMService", "EAMService\EAMService.csproj", "{9A64523A-7B07-4957-92ED-F773FDD7A8A2}"
EndProject
Global
	GlobalSection(SolutionConfigurationPlatforms) = preSolution
		Debug|Any CPU = Debug|Any CPU
		Release|Any CPU = Release|Any CPU
	EndGlobalSection
	GlobalSection(ProjectConfigurationPlatforms) = postSolution
		{9A64523A-7B07-4957-92ED-F773FDD7A8A2}.Debug|Any CPU.ActiveCfg = Debug|Any CPU
		{9A64523A-7B07-4957-92ED-F773FDD7A8A2}.Debug|Any CPU.Build.0 = Debug|Any CPU
		{9A64523A-7B07-4957-92ED-F773FDD7A8A2}.Release|Any CPU.ActiveCfg = Release|Any CPU
		{9A64523A-7B07-4957-92ED-F773FDD7A8A2}.Release|Any CPU.Build.0 = Release|Any CPU
	EndGlobalSection
	GlobalSection(SolutionProperties) = preSolution
		HideSolutionNode = FALSE
	EndGlobalSection
	GlobalSection(ExtensibilityGlobals) = postSolution
		SolutionGuid = {351D1473-D7D8-4E85-BD9B-81D7A85B8D77}
	EndGlobalSection
EndGlobal
